{
  "name": "mixerclient",
  "version": "1.0.3",
  "lockfileVersion": 1,
  "requires": true,
  "dependencies": {
    "carina": {
      "version": "0.11.2",
      "resolved": "https://registry.npmjs.org/carina/-/carina-0.11.2.tgz",
      "integrity": "sha512-c79TVmvQW/74TdTYh3/Gm+/Ax8Of8+AqpCr1J68Dtr0NzCVjw+WjJ2EDqRgvighQERGyx9weYIXiemEPH0StKQ==",
      "requires": {
        "pako": "^1.0.6"
      }
    },
    "pako": {
      "version": "1.0.10",
      "resolved": "https://registry.npmjs.org/pako/-/pako-1.0.10.tgz",
      "integrity": "sha512-0DTvPVU3ed8+HNXOu5Bs+o//Mbdj9VNQMUOe9oKCwh8l0GNwpTDMKCWbRjgtD291AWnkAgkqA/LOnQS8AmS1tw=="
    },
    "ws": {
      "version": "7.4.6",
      "resolved": "https://registry.npmjs.org/ws/-/ws-7.4.6.tgz",
      "integrity": "sha512-YmhHDO4MzaDLB+M9ym/mDA5z0naX8j7SIlT8f8z+I0VtzsRbekxEutHSme7NPS2qE8StCYQNUnfWdXta/Yu85A=="
    }
  }
}
